
Microsoft Visual Studio Solution File, Format Version 12.00
# Visual Studio Version 17
VisualStudioVersion = 17.14.36705.20 d17.14
MinimumVisualStudioVersion = 10.0.40219.1
Project("{FAE04EC0-301F-11D3-BF4B-00C04F79EFBC}") = "GRUP6", "GRUP6.csproj", "{1AF9D3F2-1E51-4E44-9075-FC54ACCB48E1}"
EndProject
Global
	GlobalSection(SolutionConfigurationPlatforms) = preSolution
		Debug|Any CPU = Debug|Any CPU
		Release|Any CPU = Release|Any CPU
	EndGlobalSection
	GlobalSection(ProjectConfigurationPlatforms) = postSolution
		{1AF9D3F2-1E51-4E44-9075-FC54ACCB48E1}.Debug|Any CPU.ActiveCfg = Debug|Any CPU
		{1AF9D3F2-1E51-4E44-9075-FC54ACCB48E1}.Debug|Any CPU.Build.0 = Debug|Any CPU
		{1AF9D3F2-1E51-4E44-9075-FC54ACCB48E1}.Release|Any CPU.ActiveCfg = Release|Any CPU
		{1AF9D3F2-1E51-4E44-9075-FC54ACCB48E1}.Release|Any CPU.Build.0 = Release|Any CPU
	EndGlobalSection
	GlobalSection(SolutionProperties) = preSolution
		HideSolutionNode = FALSE
	EndGlobalSection
	GlobalSection(ExtensibilityGlobals) = postSolution
		SolutionGuid = {3F1059B3-21AC-417C-B0A3-333942560799}
	EndGlobalSection
EndGlobal
